
Microsoft Visual Studio Solution File, Format Version 12.00
# Visual Studio Version 17
VisualStudioVersion = 17.10.35013.160
MinimumVisualStudioVersion = 10.0.40219.1
Project("{9A19103F-16F7-4668-BE54-9A1E7A4F7556}") = "KitapDükkanı", "KitapDükkanı\KitapDükkanı.csproj", "{65E253AA-8F5E-496B-B496-4C8908D5FED5}"
EndProject
Global
	GlobalSection(SolutionConfigurationPlatforms) = preSolution
		Debug|Any CPU = Debug|Any CPU
		Release|Any CPU = Release|Any CPU
	EndGlobalSection
	GlobalSection(ProjectConfigurationPlatforms) = postSolution
		{65E253AA-8F5E-496B-B496-4C8908D5FED5}.Debug|Any CPU.ActiveCfg = Debug|Any CPU
		{65E253AA-8F5E-496B-B496-4C8908D5FED5}.Debug|Any CPU.Build.0 = Debug|Any CPU
		{65E253AA-8F5E-496B-B496-4C8908D5FED5}.Release|Any CPU.ActiveCfg = Release|Any CPU
		{65E253AA-8F5E-496B-B496-4C8908D5FED5}.Release|Any CPU.Build.0 = Release|Any CPU
	EndGlobalSection
	GlobalSection(SolutionProperties) = preSolution
		HideSolutionNode = FALSE
	EndGlobalSection
	GlobalSection(ExtensibilityGlobals) = postSolution
		SolutionGuid = {A4C3143C-AC9E-40D3-BE89-E36E2FE47041}
	EndGlobalSection
EndGlobal
